Microsoft Visual Studio Solution File, Format Version 12.00
# Visual Studio Version 17
VisualStudioVersion = 17.5.2.0
MinimumVisualStudioVersion = 10.0.40219.1
Project("{FAE04EC0-301F-11D3-BF4B-00C04F79EFBC}") = "MyFirstMCP", "MyFirstMCP\MyFirstMCP.csproj", "{FCC537A3-33DA-F18A-9B64-F005FCDA5C85}"
EndProject
Global
	GlobalSection(SolutionConfigurationPlatforms) = preSolution
		Debug|Any CPU = Debug|Any CPU
		Release|Any CPU = Release|Any CPU
	EndGlobalSection
	GlobalSection(ProjectConfigurationPlatforms) = postSolution
		{FCC537A3-33DA-F18A-9B64-F005FCDA5C85}.Debug|Any CPU.ActiveCfg = Debug|Any CPU
		{FCC537A3-33DA-F18A-9B64-F005FCDA5C85}.Debug|Any CPU.Build.0 = Debug|Any CPU
		{FCC537A3-33DA-F18A-9B64-F005FCDA5C85}.Release|Any CPU.ActiveCfg = Release|Any CPU
		{FCC537A3-33DA-F18A-9B64-F005FCDA5C85}.Release|Any CPU.Build.0 = Release|Any CPU
	EndGlobalSection
	GlobalSection(SolutionProperties) = preSolution
		HideSolutionNode = FALSE
	EndGlobalSection
	GlobalSection(ExtensibilityGlobals) = postSolution
		SolutionGuid = {38E33BFF-4C30-46B6-AC37-ED01F6B7CDB0}
	EndGlobalSection
EndGlobal
